// !$*UTF8*$!
{
	archiveVersion = 1;
	classes = {
	};
	objectVersion = 46;
	objects = {

/* Begin PBXBuildFile section */
		984795941EAE88300054E1C1 /* ListItem.swift in Sources */ = {isa = PBXBuildFile; fileRef = 984795931EAE88300054E1C1 /* ListItem.swift */; };
		985864391EAE5E9C002BA143 /* SignInVC.swift in Sources */ = {isa = PBXBuildFile; fileRef = 985864381EAE5E9C002BA143 /* SignInVC.swift */; };
		98A4CB4A1EAE5BDF008AC7B0 /* GoogleService-Info.plist in Resources */ = {isa = PBXBuildFile; fileRef = 98A4CB491EAE5BDF008AC7B0 /* GoogleService-Info.plist */; };
		98C548B61EAE4E23009CAEAA /* AppDelegate.swift in Sources */ = {isa = PBXBuildFile; fileRef = 98C548B51EAE4E23009CAEAA /* AppDelegate.swift */; };
		98C548B81EAE4E23009CAEAA /* ListVC.swift in Sources */ = {isa = PBXBuildFile; fileRef = 98C548B71EAE4E23009CAEAA /* ListVC.swift */; };
		98C548BB1EAE4E23009CAEAA /* Main.storyboard in Resources */ = {isa = PBXBuildFile; fileRef = 98C548B91EAE4E23009CAEAA /* Main.storyboard */; };
		98C548BD1EAE4E23009CAEAA /* Assets.xcassets in Resources */ = {isa = PBXBuildFile; fileRef = 98C548BC1EAE4E23009CAEAA /* Assets.xcassets */; };
		98C548C01EAE4E23009CAEAA /* LaunchScreen.storyboard in Resources */ = {isa = PBXBuildFile; fileRef = 98C548BE1EAE4E23009CAEAA /* LaunchScreen.storyboard */; };
		98C548C81EAE5118009CAEAA /* DetailVC.swift in Sources */ = {isa = PBXBuildFile; fileRef = 98C548C71EAE5118009CAEAA /* DetailVC.swift */; };
		FEE5F5942E0EB82ED3CAE436 /* Pods_LearnFirebase.framework in Frameworks */ = {isa = PBXBuildFile; fileRef = 1BF9CFF7301DBA1E05E0C0A3 /* Pods_LearnFirebase.framework */; };
/* End PBXBuildFile section */

/* Begin PBXFileReference section */
		1BF9CFF7301DBA1E05E0C0A3 /* Pods_LearnFirebase.framework */ = {isa = PBXFileReference; explicitFileType = wrapper.framework; includeInIndex = 0; path = Pods_LearnFirebase.framework; sourceTree = BUILT_PRODUCTS_DIR; };
		278F5A5ED6F9E2EB9937789C /* Pods-LearnFirebase.release.xcconfig */ = {isa = PBXFileReference; includeInIndex = 1; lastKnownFileType = text.xcconfig; name = "Pods-LearnFirebase.release.xcconfig"; path = "Pods/Target Support Files/Pods-LearnFirebase/Pods-LearnFirebase.release.xcconfig"; sourceTree = "<group>"; };
		80A963D06073447E52A09555 /* Pods-LearnFirebase.debug.xcconfig */ = {isa = PBXFileReference; includeInIndex = 1; lastKnownFileType = text.xcconfig; name = "Pods-LearnFirebase.debug.xcconfig"; path = "Pods/Target Support Files/Pods-LearnFirebase/Pods-LearnFirebase.debug.xcconfig"; sourceTree = "<group>"; };
		984795931EAE88300054E1C1 /* ListItem.swift */ = {isa = PBXFileReference; fileEncoding = 4; lastKnownFileType = sourcecode.swift; path = ListItem.swift; sourceTree = "<group>"; };
		985864381EAE5E9C002BA143 /* SignInVC.swift */ = {isa = PBXFileReference; fileEncoding = 4; lastKnownFileType = sourcecode.swift; path = SignInVC.swift; sourceTree = "<group>"; };
		98A4CB491EAE5BDF008AC7B0 /* GoogleService-Info.plist */ = {isa = PBXFileReference; fileEncoding = 4; lastKnownFileType = text.plist.xml; path = "GoogleService-Info.plist"; sourceTree = "<group>"; };
		98C548B21EAE4E23009CAEAA /* LearnFirebase.app */ = {isa = PBXFileReference; explicitFileType = wrapper.application; includeInIndex = 0; path = LearnFirebase.app; sourceTree = BUILT_PRODUCTS_DIR; };
		98C548B51EAE4E23009CAEAA /* AppDelegate.swift */ = {isa = PBXFileReference; lastKnownFileType = sourcecode.swift; path = AppDelegate.swift; sourceTree = "<group>"; };
		98C548B71EAE4E23009CAEAA /* ListVC.swift */ = {isa = PBXFileReference; lastKnownFileType = sourcecode.swift; path = ListVC.swift; sourceTree = "<group>"; };
		98C548BA1EAE4E23009CAEAA /* Base */ = {isa = PBXFileReference; lastKnownFileType = file.storyboard; name = Base; path = Base.lproj/Main.storyboard; sourceTree = "<group>"; };
		98C548BC1EAE4E23009CAEAA /* Assets.xcassets */ = {isa = PBXFileReference; lastKnownFileType = folder.assetcatalog; path = Assets.xcassets; sourceTree = "<group>"; };
		98C548BF1EAE4E23009CAEAA /* Base */ = {isa = PBXFileReference; lastKnownFileType = file.storyboard; name = Base; path = Base.lproj/LaunchScreen.storyboard; sourceTree = "<group>"; };
		98C548C11EAE4E23009CAEAA /* Info.plist */ = {isa = PBXFileReference; lastKnownFileType = text.plist.xml; path = Info.plist; sourceTree = "<group>"; };
		98C548C71EAE5118009CAEAA /* DetailVC.swift */ = {isa = PBXFileReference; fileEncoding = 4; lastKnownFileType = sourcecode.swift; path = DetailVC.swift; sourceTree = "<group>"; };
/* End PBXFileReference section */

/* Begin PBXFrameworksBuildPhase section */
		98C548AF1EAE4E23009CAEAA /* Frameworks */ = {
			isa = PBXFrameworksBuildPhase;
			buildActionMask = 2147483647;
			files = (
				FEE5F5942E0EB82ED3CAE436 /* Pods_LearnFirebase.framework in Frameworks */,
			);
			runOnlyForDeploymentPostprocessing = 0;
		};
/* End PBXFrameworksBuildPhase section */

/* Begin PBXGroup section */
		3B145A62CAA354F9D31F7A53 /* Pods */ = {
			isa = PBXGroup;
			children = (
				80A963D06073447E52A09555 /* Pods-LearnFirebase.debug.xcconfig */,
				278F5A5ED6F9E2EB9937789C /* Pods-LearnFirebase.release.xcconfig */,
			);
			name = Pods;
			sourceTree = "<group>";
		};
		91FCA7DD71FC31DFC4952C18 /* Frameworks */ = {
			isa = PBXGroup;
			children = (
				1BF9CFF7301DBA1E05E0C0A3 /* Pods_LearnFirebase.framework */,
			);
			name = Frameworks;
			sourceTree = "<group>";
		};
		98C548A91EAE4E23009CAEAA = {
			isa = PBXGroup;
			children = (
				98C548B41EAE4E23009CAEAA /* LearnFirebase */,
				98C548B31EAE4E23009CAEAA /* Products */,
				3B145A62CAA354F9D31F7A53 /* Pods */,
				91FCA7DD71FC31DFC4952C18 /* Frameworks */,
			);
			sourceTree = "<group>";
		};
		98C548B31EAE4E23009CAEAA /* Products */ = {
			isa = PBXGroup;
			children = (
				98C548B21EAE4E23009CAEAA /* LearnFirebase.app */,
			);
			name = Products;
			sourceTree = "<group>";
		};
		98C548B41EAE4E23009CAEAA /* LearnFirebase */ = {
			isa = PBXGroup;
			children = (
				98C548B51EAE4E23009CAEAA /* AppDelegate.swift */,
				984795931EAE88300054E1C1 /* ListItem.swift */,
				985864381EAE5E9C002BA143 /* SignInVC.swift */,
				98C548B71EAE4E23009CAEAA /* ListVC.swift */,
				98C548C71EAE5118009CAEAA /* DetailVC.swift */,
				98C548B91EAE4E23009CAEAA /* Main.storyboard */,
				98C548BC1EAE4E23009CAEAA /* Assets.xcassets */,
				98C548BE1EAE4E23009CAEAA /* LaunchScreen.storyboard */,
				98C548C11EAE4E23009CAEAA /* Info.plist */,
				98A4CB491EAE5BDF008AC7B0 /* GoogleService-Info.plist */,
			);
			path = LearnFirebase;
			sourceTree = "<group>";
		};
/* End PBXGroup section */

/* Begin PBXNativeTarget section */
		98C548B11EAE4E23009CAEAA /* LearnFirebase */ = {
			isa = PBXNativeTarget;
			buildConfigurationList = 98C548C41EAE4E23009CAEAA /* Build configuration list for PBXNativeTarget "LearnFirebase" */;
			buildPhases = (
				412A91E8D9595C446562D7D8 /* [CP] Check Pods Manifest.lock */,
				98C548AE1EAE4E23009CAEAA /* Sources */,
				98C548AF1EAE4E23009CAEAA /* Frameworks */,
				98C548B01EAE4E23009CAEAA /* Resources */,
				67F94B971DB1D4ADDA209810 /* [CP] Embed Pods Frameworks */,
				D6FF5AF2BACF4FAFA1B72C41 /* [CP] Copy Pods Resources */,
			);
			buildRules = (
			);
			dependencies = (
			);
			name = LearnFirebase;
			productName = LearnFirebase;
			productReference = 98C548B21EAE4E23009CAEAA /* LearnFirebase.app */;
			productType = "com.apple.product-type.application";
		};
/* End PBXNativeTarget section */

/* Begin PBXProject section */
		98C548AA1EAE4E23009CAEAA /* Project object */ = {
			isa = PBXProject;
			attributes = {
				LastSwiftUpdateCheck = 0830;
				LastUpgradeCheck = 0830;
				ORGANIZATIONNAME = "William Farley";
				TargetAttributes = {
					98C548B11EAE4E23009CAEAA = {
						CreatedOnToolsVersion = 8.3.2;
						DevelopmentTeam = XG2JBVVXS4;
						ProvisioningStyle = Automatic;
					};
				};
			};
			buildConfigurationList = 98C548AD1EAE4E23009CAEAA /* Build configuration list for PBXProject "LearnFirebase" */;
			compatibilityVersion = "Xcode 3.2";
			developmentRegion = English;
			hasScannedForEncodings = 0;
			knownRegions = (
				en,
				Base,
			);
			mainGroup = 98C548A91EAE4E23009CAEAA;
			productRefGroup = 98C548B31EAE4E23009CAEAA /* Products */;
			projectDirPath = "";
			projectRoot = "";
			targets = (
				98C548B11EAE4E23009CAEAA /* LearnFirebase */,
			);
		};
/* End PBXProject section */

/* Begin PBXResourcesBuildPhase section */
		98C548B01EAE4E23009CAEAA /* Resources */ = {
			isa = PBXResourcesBuildPhase;
			buildActionMask = 2147483647;
			files = (
				98C548C01EAE4E23009CAEAA /* LaunchScreen.storyboard in Resources */,
				98A4CB4A1EAE5BDF008AC7B0 /* GoogleService-Info.plist in Resources */,
				98C548BD1EAE4E23009CAEAA /* Assets.xcassets in Resources */,
				98C548BB1EAE4E23009CAEAA /* Main.storyboard in Resources */,
			);
			runOnlyForDeploymentPostprocessing = 0;
		};
/* End PBXResourcesBuildPhase section */

/* Begin PBXShellScriptBuildPhase section */
		412A91E8D9595C446562D7D8 /* [CP] Check Pods Manifest.lock */ = {
			isa = PBXShellScriptBuildPhase;
			buildActionMask = 2147483647;
			files = (
			);
			inputPaths = (
			);
			name = "[CP] Check Pods Manifest.lock";
			outputPaths = (
			);
			runOnlyForDeploymentPostprocessing = 0;
			shellPath = /bin/sh;
			shellScript = "diff \"${PODS_ROOT}/../Podfile.lock\" \"${PODS_ROOT}/Manifest.lock\" > /dev/null\nif [ $? != 0 ] ; then\n    # print error to STDERR\n    echo \"error: The sandbox is not in sync with the Podfile.lock. Run 'pod install' or update your CocoaPods installation.\" >&2\n    exit 1\nfi\n";
			showEnvVarsInLog = 0;
		};
		67F94B971DB1D4ADDA209810 /* [CP] Embed Pods Frameworks */ = {
			isa = PBXShellScriptBuildPhase;
			buildActionMask = 2147483647;
			files = (
			);
			inputPaths = (
			);
			name = "[CP] Embed Pods Frameworks";
			outputPaths = (
			);
			runOnlyForDeploymentPostprocessing = 0;
			shellPath = /bin/sh;
			shellScript = "\"${SRCROOT}/Pods/Target Support Files/Pods-LearnFirebase/Pods-LearnFirebase-frameworks.sh\"\n";
			showEnvVarsInLog = 0;
		};
		D6FF5AF2BACF4FAFA1B72C41 /* [CP] Copy Pods Resources */ = {
			isa = PBXShellScriptBuildPhase;
			buildActionMask = 2147483647;
			files = (
			);
			inputPaths = (
			);
			name = "[CP] Copy Pods Resources";
			outputPaths = (
			);
			runOnlyForDeploymentPostprocessing = 0;
			shellPath = /bin/sh;
			shellScript = "\"${SRCROOT}/Pods/Target Support Files/Pods-LearnFirebase/Pods-LearnFirebase-resources.sh\"\n";
			showEnvVarsInLog = 0;
		};
/* End PBXShellScriptBuildPhase section */

/* Begin PBXSourcesBuildPhase section */
		98C548AE1EAE4E23009CAEAA /* Sources */ = {
			isa = PBXSourcesBuildPhase;
			buildActionMask = 2147483647;
			files = (
				984795941EAE88300054E1C1 /* ListItem.swift in Sources */,
				98C548B81EAE4E23009CAEAA /* ListVC.swift in Sources */,
				98C548B61EAE4E23009CAEAA /* AppDelegate.swift in Sources */,
				985864391EAE5E9C002BA143 /* SignInVC.swift in Sources */,
				98C548C81EAE5118009CAEAA /* DetailVC.swift in Sources */,
			);
			runOnlyForDeploymentPostprocessing = 0;
		};
/* End PBXSourcesBuildPhase section */

/* Begin PBXVariantGroup section */
		98C548B91EAE4E23009CAEAA /* Main.storyboard */ = {
			isa = PBXVariantGroup;
			children = (
				98C548BA1EAE4E23009CAEAA /* Base */,
			);
			name = Main.storyboard;
			sourceTree = "<group>";
		};
		98C548BE1EAE4E23009CAEAA /* LaunchScreen.storyboard */ = {
			isa = PBXVariantGroup;
			children = (
				98C548BF1EAE4E23009CAEAA /* Base */,
			);
			name = LaunchScreen.storyboard;
			sourceTree = "<group>";
		};
/* End PBXVariantGroup section */

/* Begin XCBuildConfiguration section */
		98C548C21EAE4E23009CAEAA /* Debug */ = {
			isa = XCBuildConfiguration;
			buildSettings = {
				ALWAYS_SEARCH_USER_PATHS = NO;
				CLANG_ANALYZER_NONNULL = YES;
				CLANG_ANALYZER_NUMBER_OBJECT_CONVERSION = YES_AGGRESSIVE;
				CLANG_CXX_LANGUAGE_STANDARD = "gnu++0x";
				CLANG_CXX_LIBRARY = "libc++";
				CLANG_ENABLE_MODULES = YES;
				CLANG_ENABLE_OBJC_ARC = YES;
				CLANG_WARN_BOOL_CONVERSION = YES;
				CLANG_WARN_CONSTANT_CONVERSION = YES;
				CLANG_WARN_DIRECT_OBJC_ISA_USAGE = YES_ERROR;
				CLANG_WARN_DOCUMENTATION_COMMENTS = YES;
				CLANG_WARN_EMPTY_BODY = YES;
				CLANG_WARN_ENUM_CONVERSION = YES;
				CLANG_WARN_INFINITE_RECURSION = YES;
				CLANG_WARN_INT_CONVERSION = YES;
				CLANG_WARN_OBJC_ROOT_CLASS = YES_ERROR;
				CLANG_WARN_SUSPICIOUS_MOVE = YES;
				CLANG_WARN_UNREACHABLE_CODE = YES;
				CLANG_WARN__DUPLICATE_METHOD_MATCH = YES;
				"CODE_SIGN_IDENTITY[sdk=iphoneos*]" = "iPhone Developer";
				COPY_PHASE_STRIP = NO;
				DEBUG_INFORMATION_FORMAT = dwarf;
				ENABLE_STRICT_OBJC_MSGSEND = YES;
				ENABLE_TESTABILITY = YES;
				GCC_C_LANGUAGE_STANDARD = gnu99;
				GCC_DYNAMIC_NO_PIC = NO;
				GCC_NO_COMMON_BLOCKS = YES;
				GCC_OPTIMIZATION_LEVEL = 0;
				GCC_PREPROCESSOR_DEFINITIONS = (
					"DEBUG=1",
					"$(inherited)",
				);
				GCC_WARN_64_TO_32_BIT_CONVERSION = YES;
				GCC_WARN_ABOUT_RETURN_TYPE = YES_ERROR;
				GCC_WARN_UNDECLARED_SELECTOR = YES;
				GCC_WARN_UNINITIALIZED_AUTOS = YES_AGGRESSIVE;
				GCC_WARN_UNUSED_FUNCTION = YES;
				GCC_WARN_UNUSED_VARIABLE = YES;
				IPHONEOS_DEPLOYMENT_TARGET = 10.3;
				MTL_ENABLE_DEBUG_INFO = YES;
				ONLY_ACTIVE_ARCH = YES;
				SDKROOT = iphoneos;
				SWIFT_ACTIVE_COMPILATION_CONDITIONS = DEBUG;
				SWIFT_OPTIMIZATION_LEVEL = "-Onone";
				TARGETED_DEVICE_FAMILY = "1,2";
			};
			name = Debug;
		};
		98C548C31EAE4E23009CAEAA /* Release */ = {
			isa = XCBuildConfiguration;
			buildSettings = {
				ALWAYS_SEARCH_USER_PATHS = NO;
				CLANG_ANALYZER_NONNULL = YES;
				CLANG_ANALYZER_NUMBER_OBJECT_CONVERSION = YES_AGGRESSIVE;
				CLANG_CXX_LANGUAGE_STANDARD = "gnu++0x";
				CLANG_CXX_LIBRARY = "libc++";
				CLANG_ENABLE_MODULES = YES;
				CLANG_ENABLE_OBJC_ARC = YES;
				CLANG_WARN_BOOL_CONVERSION = YES;
				CLANG_WARN_CONSTANT_CONVERSION = YES;
				CLANG_WARN_DIRECT_OBJC_ISA_USAGE = YES_ERROR;
				CLANG_WARN_DOCUMENTATION_COMMENTS = YES;
				CLANG_WARN_EMPTY_BODY = YES;
				CLANG_WARN_ENUM_CONVERSION = YES;
				CLANG_WARN_INFINITE_RECURSION = YES;
				CLANG_WARN_INT_CONVERSION = YES;
				CLANG_WARN_OBJC_ROOT_CLASS = YES_ERROR;
				CLANG_WARN_SUSPICIOUS_MOVE = YES;
				CLANG_WARN_UNREACHABLE_CODE = YES;
				CLANG_WARN__DUPLICATE_METHOD_MATCH = YES;
				"CODE_SIGN_IDENTITY[sdk=iphoneos*]" = "iPhone Developer";
				COPY_PHASE_STRIP = NO;
				DEBUG_INFORMATION_FORMAT = "dwarf-with-dsym";
				ENABLE_NS_ASSERTIONS = NO;
				ENABLE_STRICT_OBJC_MSGSEND = YES;
				GCC_C_LANGUAGE_STANDARD = gnu99;
				GCC_NO_COMMON_BLOCKS = YES;
				GCC_WARN_64_TO_32_BIT_CONVERSION = YES;
				GCC_WARN_ABOUT_RETURN_TYPE = YES_ERROR;
				GCC_WARN_UNDECLARED_SELECTOR = YES;
				GCC_WARN_UNINITIALIZED_AUTOS = YES_AGGRESSIVE;
				GCC_WARN_UNUSED_FUNCTION = YES;
				GCC_WARN_UNUSED_VARIABLE = YES;
				IPHONEOS_DEPLOYMENT_TARGET = 10.3;
				MTL_ENABLE_DEBUG_INFO = NO;
				SDKROOT = iphoneos;
				SWIFT_OPTIMIZATION_LEVEL = "-Owholemodule";
				TARGETED_DEVICE_FAMILY = "1,2";
				VALIDATE_PRODUCT = YES;
			};
			name = Release;
		};
		98C548C51EAE4E23009CAEAA /* Debug */ = {
			isa = XCBuildConfiguration;
			baseConfigurationReference = 80A963D06073447E52A09555 /* Pods-LearnFirebase.debug.xcconfig */;
			buildSettings = {
				ASSETCATALOG_COMPILER_APPICON_NAME = AppIcon;
				DEVELOPMENT_TEAM = XG2JBVVXS4;
				INFOPLIST_FILE = LearnFirebase/Info.plist;
				LD_RUNPATH_SEARCH_PATHS = "$(inherited) @executable_path/Frameworks";
				PRODUCT_BUNDLE_IDENTIFIER = com.williamfarley.learnfirebase;
				PRODUCT_NAME = "$(TARGET_NAME)";
				SWIFT_VERSION = 3.0;
			};
			name = Debug;
		};
		98C548C61EAE4E23009CAEAA /* Release */ = {
			isa = XCBuildConfiguration;
			baseConfigurationReference = 278F5A5ED6F9E2EB9937789C /* Pods-LearnFirebase.release.xcconfig */;
			buildSettings = {
				ASSETCATALOG_COMPILER_APPICON_NAME = AppIcon;
				DEVELOPMENT_TEAM = XG2JBVVXS4;
				INFOPLIST_FILE = LearnFirebase/Info.plist;
				LD_RUNPATH_SEARCH_PATHS = "$(inherited) @executable_path/Frameworks";
				PRODUCT_BUNDLE_IDENTIFIER = com.williamfarley.learnfirebase;
				PRODUCT_NAME = "$(TARGET_NAME)";
				SWIFT_VERSION = 3.0;
			};
			name = Release;
		};
/* End XCBuildConfiguration section */

/* Begin XCConfigurationList section */
		98C548AD1EAE4E23009CAEAA /* Build configuration list for PBXProject "LearnFirebase" */ = {
			isa = XCConfigurationList;
			buildConfigurations = (
				98C548C21EAE4E23009CAEAA /* Debug */,
				98C548C31EAE4E23009CAEAA /* Release */,
			);
			defaultConfigurationIsVisible = 0;
			defaultConfigurationName = Release;
		};
		98C548C41EAE4E23009CAEAA /* Build configuration list for PBXNativeTarget "LearnFirebase" */ = {
			isa = XCConfigurationList;
			buildConfigurations = (
				98C548C51EAE4E23009CAEAA /* Debug */,
				98C548C61EAE4E23009CAEAA /* Release */,
			);
			defaultConfigurationIsVisible = 0;
			defaultConfigurationName = Release;
		};
/* End XCConfigurationList section */
	};
	rootObject = 98C548AA1EAE4E23009CAEAA /* Project object */;
}
